
Microsoft Visual Studio Solution File, Format Version 12.00
# Visual Studio Version 16
VisualStudioVersion = 16.0.34301.259
MinimumVisualStudioVersion = 10.0.40219.1
Project("{FAE04EC0-301F-11D3-BF4B-00C04F79EFBC}") = "kz_2_1", "kz_2_1\kz_2_1.csproj", "{BA708A3A-990A-46E3-9C61-62D4B9F2927D}"
EndProject
Global
	GlobalSection(SolutionConfigurationPlatforms) = preSolution
		Debug|Any CPU = Debug|Any CPU
		Release|Any CPU = Release|Any CPU
	EndGlobalSection
	GlobalSection(ProjectConfigurationPlatforms) = postSolution
		{BA708A3A-990A-46E3-9C61-62D4B9F2927D}.Debug|Any CPU.ActiveCfg = Debug|Any CPU
		{BA708A3A-990A-46E3-9C61-62D4B9F2927D}.Debug|Any CPU.Build.0 = Debug|Any CPU
		{BA708A3A-990A-46E3-9C61-62D4B9F2927D}.Release|Any CPU.ActiveCfg = Release|Any CPU
		{BA708A3A-990A-46E3-9C61-62D4B9F2927D}.Release|Any CPU.Build.0 = Release|Any CPU
	EndGlobalSection
	GlobalSection(SolutionProperties) = preSolution
		HideSolutionNode = FALSE
	EndGlobalSection
	GlobalSection(ExtensibilityGlobals) = postSolution
		SolutionGuid = {10448077-1718-4119-9B27-6AE02F39D511}
	EndGlobalSection
EndGlobal
